# THIS IS AN AUTOGENERATED FILE. DO NOT EDIT THIS FILE DIRECTLY.
# yarn lockfile v1


"@prisma/debug@5.21.1":
  version "5.21.1"
  resolved "https://registry.yarnpkg.com/@prisma/debug/-/debug-5.21.1.tgz#df4383cb8a6273b1d6112cda0f1d5bef73e71be7"
  integrity sha512-uY8SAhcnORhvgtOrNdvWS98Aq/nkQ9QDUxrWAgW8XrCZaI3j2X7zb7Xe6GQSh6xSesKffFbFlkw0c2luHQviZA==

"@prisma/engines-version@5.21.1-1.bf0e5e8a04cada8225617067eaa03d041e2bba36":
  version "5.21.1-1.bf0e5e8a04cada8225617067eaa03d041e2bba36"
  resolved "https://registry.yarnpkg.com/@prisma/engines-version/-/engines-version-5.21.1-1.bf0e5e8a04cada8225617067eaa03d041e2bba36.tgz#8a5f136a8ee71995bf635686bd2f1a6650f9320c"
  integrity sha512-qvnEflL0//lh44S/T9NcvTMxfyowNeUxTunPcDfKPjyJNrCNf2F1zQLcUv5UHAruECpX+zz21CzsC7V2xAeM7Q==

"@prisma/engines@5.21.1":
  version "5.21.1"
  resolved "https://registry.yarnpkg.com/@prisma/engines/-/engines-5.21.1.tgz#05f9bc50eb4aa169b31cadfb402165bd44e0653f"
  integrity sha512-hGVTldUkIkTwoV8//hmnAAiAchi4oMEKD3aW5H2RrnI50tTdwza7VQbTTAyN3OIHWlK5DVg6xV7X8N/9dtOydA==
  dependencies:
    "@prisma/debug" "5.21.1"
    "@prisma/engines-version" "5.21.1-1.bf0e5e8a04cada8225617067eaa03d041e2bba36"
    "@prisma/fetch-engine" "5.21.1"
    "@prisma/get-platform" "5.21.1"

"@prisma/fetch-engine@5.21.1":
  version "5.21.1"
  resolved "https://registry.yarnpkg.com/@prisma/fetch-engine/-/fetch-engine-5.21.1.tgz#c56008f954199a3f3f2183d892f093f64976e4d8"
  integrity sha512-70S31vgpCGcp9J+mh/wHtLCkVezLUqe/fGWk3J3JWZIN7prdYSlr1C0niaWUyNK2VflLXYi8kMjAmSxUVq6WGQ==
  dependencies:
    "@prisma/debug" "5.21.1"
    "@prisma/engines-version" "5.21.1-1.bf0e5e8a04cada8225617067eaa03d041e2bba36"
    "@prisma/get-platform" "5.21.1"

"@prisma/get-platform@5.21.1":
  version "5.21.1"
  resolved "https://registry.yarnpkg.com/@prisma/get-platform/-/get-platform-5.21.1.tgz#a2219e7755cec881dffc66469c31bb0975a95b54"
  integrity sha512-sRxjL3Igst3ct+e8ya/x//cDXmpLbZQ5vfps2N4tWl4VGKQAmym77C/IG/psSMsQKszc8uFC/q1dgmKFLUgXZQ==
  dependencies:
    "@prisma/debug" "5.21.1"

"@types/bun@latest":
  version "1.1.11"
  resolved "https://registry.yarnpkg.com/@types/bun/-/bun-1.1.11.tgz#21477df74f9034e2a73fbff6365e3aa28d1ed95f"
  integrity sha512-0N7D/H/8sbf9JMkaG5F3+I/cB4TlhKTkO9EskEWP8XDr8aVcDe4EywSnU4cnyZy6tar1dq70NeFNkqMEUigthw==
  dependencies:
    bun-types "1.1.30"

"@types/node@*":
  version "22.7.7"
  resolved "https://registry.yarnpkg.com/@types/node/-/node-22.7.7.tgz#6cd9541c3dccb4f7e8b141b491443f4a1570e307"
  integrity sha512-SRxCrrg9CL/y54aiMCG3edPKdprgMVGDXjA3gB8UmmBW5TcXzRUYAh8EWzTnSJFAd1rgImPELza+A3bJ+qxz8Q==
  dependencies:
    undici-types "~6.19.2"

"@types/node@~20.12.8":
  version "20.12.14"
  resolved "https://registry.yarnpkg.com/@types/node/-/node-20.12.14.tgz#0c5cf7ef26aedfd64b0539bba9380ed1f57dcc77"
  integrity sha512-scnD59RpYD91xngrQQLGkE+6UrHUPzeKZWhhjBSa3HSkwjbQc38+q3RoIVEwxQGRw3M+j5hpNAM+lgV3cVormg==
  dependencies:
    undici-types "~5.26.4"

"@types/ws@~8.5.10":
  version "8.5.12"
  resolved "https://registry.yarnpkg.com/@types/ws/-/ws-8.5.12.tgz#619475fe98f35ccca2a2f6c137702d85ec247b7e"
  integrity sha512-3tPRkv1EtkDpzlgyKyI8pGsGZAGPEaXeu0DOj5DI25Ja91bdAYddYHbADRYVrZMRbfW+1l5YwXVDKohDJNQxkQ==
  dependencies:
    "@types/node" "*"

bun-types@1.1.30:
  version "1.1.30"
  resolved "https://registry.yarnpkg.com/bun-types/-/bun-types-1.1.30.tgz#45ca22303aa1ff02b93e45c1d6ba43617497ed43"
  integrity sha512-mGh7NLisOXskBU62DxLS+/nwmLlCYHYAkCzdo4DZ9+fzrpP41hAdOqaN4DO6tQfenHb4pYb0/shw29k4/6I2yQ==
  dependencies:
    "@types/node" "~20.12.8"
    "@types/ws" "~8.5.10"

fsevents@2.3.3:
  version "2.3.3"
  resolved "https://registry.yarnpkg.com/fsevents/-/fsevents-2.3.3.tgz#cac6407785d03675a2a5e1a5305c697b347d90d6"
  integrity sha512-5xoDfX+fL7faATnagmWPpbFtwh/R77WmMMqqHGS65C3vvB0YHrgF+B1YmZ3441tMj5n63k0212XNoJwzlhffQw==

prisma@^5.21.1:
  version "5.21.1"
  resolved "https://registry.yarnpkg.com/prisma/-/prisma-5.21.1.tgz#3ffe4f4b60ea8df2e6d5f24f0cea090bcc5c0bd6"
  integrity sha512-PB+Iqzld/uQBPaaw2UVIk84kb0ITsLajzsxzsadxxl54eaU5Gyl2/L02ysivHxK89t7YrfQJm+Ggk37uvM70oQ==
  dependencies:
    "@prisma/engines" "5.21.1"
  optionalDependencies:
    fsevents "2.3.3"

undici-types@~5.26.4:
  version "5.26.5"
  resolved "https://registry.yarnpkg.com/undici-types/-/undici-types-5.26.5.tgz#bcd539893d00b56e964fd2657a4866b221a65617"
  integrity sha512-JlCMO+ehdEIKqlFxk6IfVoAUVmgz7cU7zD/h9XZ0qzeosSHmUJVOzSQvvYSYWXkFXC+IfLKSIffhv0sVZup6pA==

undici-types@~6.19.2:
  version "6.19.8"
  resolved "https://registry.yarnpkg.com/undici-types/-/undici-types-6.19.8.tgz#35111c9d1437ab83a7cdc0abae2f26d88eda0a02"
  integrity sha512-ve2KP6f/JnbPBFyobGHuerC9g1FYGn/F8n1LWTwNxCEzd6IfqTwUQcNXgEtmmQ6DlRrC1hrSrBnCZPokRrDHjw==
